
Microsoft Visual Studio Solution File, Format Version 12.00
# Visual Studio 15
VisualStudioVersion = 15.0.28010.2036
MinimumVisualStudioVersion = 10.0.40219.1
Project("{9A19103F-16F7-4668-BE54-9A1E7A4F7556}") = "CyclecountAPI", "CyclecountAPI\CyclecountAPI.csproj", "{2F7C9756-1FB5-488F-A1B8-DBE686FDCDC6}"
EndProject
Project("{9A19103F-16F7-4668-BE54-9A1E7A4F7556}") = "CyclecountBusiness", "CyclecountBusiness\CyclecountBusiness.csproj", "{D95B1FB7-0B69-4434-80C6-C8617316A288}"
EndProject
Project("{9A19103F-16F7-4668-BE54-9A1E7A4F7556}") = "CyclecountDataAccess", "CyclecountDataAccess\CyclecountDataAccess.csproj", "{C9E71EBE-2430-4591-BCD1-10AE28A69A2C}"
EndProject
Project("{9A19103F-16F7-4668-BE54-9A1E7A4F7556}") = "MasterDataAccess", "MasterDataAccess\MasterDataAccess.csproj", "{20850A97-4548-4254-9060-56A123FB9D69}"
EndProject
Global
	GlobalSection(SolutionConfigurationPlatforms) = preSolution
		Debug|Any CPU = Debug|Any CPU
		Release|Any CPU = Release|Any CPU
	EndGlobalSection
	GlobalSection(ProjectConfigurationPlatforms) = postSolution
		{2F7C9756-1FB5-488F-A1B8-DBE686FDCDC6}.Debug|Any CPU.ActiveCfg = Debug|Any CPU
		{2F7C9756-1FB5-488F-A1B8-DBE686FDCDC6}.Debug|Any CPU.Build.0 = Debug|Any CPU
		{2F7C9756-1FB5-488F-A1B8-DBE686FDCDC6}.Release|Any CPU.ActiveCfg = Release|Any CPU
		{2F7C9756-1FB5-488F-A1B8-DBE686FDCDC6}.Release|Any CPU.Build.0 = Release|Any CPU
		{D95B1FB7-0B69-4434-80C6-C8617316A288}.Debug|Any CPU.ActiveCfg = Debug|Any CPU
		{D95B1FB7-0B69-4434-80C6-C8617316A288}.Debug|Any CPU.Build.0 = Debug|Any CPU
		{D95B1FB7-0B69-4434-80C6-C8617316A288}.Release|Any CPU.ActiveCfg = Release|Any CPU
		{D95B1FB7-0B69-4434-80C6-C8617316A288}.Release|Any CPU.Build.0 = Release|Any CPU
		{C9E71EBE-2430-4591-BCD1-10AE28A69A2C}.Debug|Any CPU.ActiveCfg = Debug|Any CPU
		{C9E71EBE-2430-4591-BCD1-10AE28A69A2C}.Debug|Any CPU.Build.0 = Debug|Any CPU
		{C9E71EBE-2430-4591-BCD1-10AE28A69A2C}.Release|Any CPU.ActiveCfg = Release|Any CPU
		{C9E71EBE-2430-4591-BCD1-10AE28A69A2C}.Release|Any CPU.Build.0 = Release|Any CPU
		{20850A97-4548-4254-9060-56A123FB9D69}.Debug|Any CPU.ActiveCfg = Debug|Any CPU
		{20850A97-4548-4254-9060-56A123FB9D69}.Debug|Any CPU.Build.0 = Debug|Any CPU
		{20850A97-4548-4254-9060-56A123FB9D69}.Release|Any CPU.ActiveCfg = Release|Any CPU
		{20850A97-4548-4254-9060-56A123FB9D69}.Release|Any CPU.Build.0 = Release|Any CPU
	EndGlobalSection
	GlobalSection(SolutionProperties) = preSolution
		HideSolutionNode = FALSE
	EndGlobalSection
	GlobalSection(ExtensibilityGlobals) = postSolution
		SolutionGuid = {D73431F7-DF92-421C-BC60-D2D664ACC68F}
	EndGlobalSection
EndGlobal
